
Microsoft Visual Studio Solution File, Format Version 12.00
# Visual Studio Version 17
VisualStudioVersion = 17.6.33815.320
MinimumVisualStudioVersion = 10.0.40219.1
Project("{FAE04EC0-301F-11D3-BF4B-00C04F79EFBC}") = "CheatEnabler", "CheatEnabler\CheatEnabler.csproj", "{D4C6AE5D-2BF3-4A53-86A8-66BA56BD9C78}"
EndProject
Global
	GlobalSection(SolutionConfigurationPlatforms) = preSolution
		Debug|Any CPU = Debug|Any CPU
		Release|Any CPU = Release|Any CPU
	EndGlobalSection
	GlobalSection(ProjectConfigurationPlatforms) = postSolution
		{D4C6AE5D-2BF3-4A53-86A8-66BA56BD9C78}.Debug|Any CPU.ActiveCfg = Debug|Any CPU
		{D4C6AE5D-2BF3-4A53-86A8-66BA56BD9C78}.Debug|Any CPU.Build.0 = Debug|Any CPU
		{D4C6AE5D-2BF3-4A53-86A8-66BA56BD9C78}.Release|Any CPU.ActiveCfg = Release|Any CPU
		{D4C6AE5D-2BF3-4A53-86A8-66BA56BD9C78}.Release|Any CPU.Build.0 = Release|Any CPU
	EndGlobalSection
	GlobalSection(SolutionProperties) = preSolution
		HideSolutionNode = FALSE
	EndGlobalSection
	GlobalSection(ExtensibilityGlobals) = postSolution
		SolutionGuid = {17AD0680-38F8-4693-93C4-03D3EE04E2A2}
	EndGlobalSection
EndGlobal
